
Microsoft Visual Studio Solution File, Format Version 12.00
# Visual Studio Version 17
VisualStudioVersion = 17.14.36301.6 d17.14
MinimumVisualStudioVersion = 10.0.40219.1
Project("{FAE04EC0-301F-11D3-BF4B-00C04F79EFBC}") = "MoyoBusinessAdvisory", "MoyoBusinessAdvisory\MoyoBusinessAdvisory.csproj", "{93487BDA-8D27-4D59-95AF-CF1201389B34}"
EndProject
Global
	GlobalSection(SolutionConfigurationPlatforms) = preSolution
		Debug|Any CPU = Debug|Any CPU
		Release|Any CPU = Release|Any CPU
	EndGlobalSection
	GlobalSection(ProjectConfigurationPlatforms) = postSolution
		{93487BDA-8D27-4D59-95AF-CF1201389B34}.Debug|Any CPU.ActiveCfg = Debug|Any CPU
		{93487BDA-8D27-4D59-95AF-CF1201389B34}.Debug|Any CPU.Build.0 = Debug|Any CPU
		{93487BDA-8D27-4D59-95AF-CF1201389B34}.Release|Any CPU.ActiveCfg = Release|Any CPU
		{93487BDA-8D27-4D59-95AF-CF1201389B34}.Release|Any CPU.Build.0 = Release|Any CPU
	EndGlobalSection
	GlobalSection(SolutionProperties) = preSolution
		HideSolutionNode = FALSE
	EndGlobalSection
	GlobalSection(ExtensibilityGlobals) = postSolution
		SolutionGuid = {E732EC96-BBB6-4399-ABA1-31382056FB75}
	EndGlobalSection
EndGlobal
